version = 1
revision = 2
requires-python = ">=3.11"
resolution-markers = [
    "python_full_version >= '3.13' and sys_platform == 'darwin'",
    "python_full_version >= '3.12.4' and python_full_version < '3.13' and sys_platform == 'darwin'",
    "python_full_version >= '3.13' and platform_machine == 'aarch64' and sys_platform == 'linux'",
    "python_full_version >= '3.12.4' and python_full_version < '3.13' and platform_machine == 'aarch64' and sys_platform == 'linux'",
    "(python_full_version >= '3.13' and platform_machine != 'aarch64' and sys_platform == 'linux') or (python_full_version >= '3.13' and sys_platform != 'darwin' and sys_platform != 'linux')",
    "(python_full_version >= '3.12.4' and python_full_version < '3.13' and platform_machine != 'aarch64' and sys_platform == 'linux') or (python_full_version >= '3.12.4' and python_full_version < '3.13' and sys_platform != 'darwin' and sys_platform != 'linux')",
    "python_full_version >= '3.12' and python_full_version < '3.12.4' and sys_platform == 'darwin'",
    "python_full_version >= '3.12' and python_full_version < '3.12.4' and platform_machine == 'aarch64' and sys_platform == 'linux'",
    "(python_full_version >= '3.12' and python_full_version < '3.12.4' and platform_machine != 'aarch64' and sys_platform == 'linux') or (python_full_version >= '3.12' and python_full_version < '3.12.4' and sys_platform != 'darwin' and sys_platform != 'linux')",
    "python_full_version < '3.12' and sys_platform == 'darwin'",
    "python_full_version < '3.12' and platform_machine == 'aarch64' and sys_platform == 'linux'",
    "(python_full_version < '3.12' and platform_machine != 'aarch64' and sys_platform == 'linux') or (python_full_version < '3.12' and sys_platform != 'darwin' and sys_platform != 'linux')",
]

[manifest]
members = [
    "notte",
    "notte-agent",
    "notte-browser",
    "notte-core",
    "notte-eval",
    "notte-integrations",
    "notte-mcp",
    "notte-sdk",
]

[[package]]
name = "aiohappyeyeballs"
version = "2.6.1"
source = { registry = "https://pypi.org/simple" }
sdist = { url = "https://files.pythonhosted.org/packages/26/30/f84a107a9c4331c14b2b586036f40965c128aa4fee4dda5d3d51cb14ad54/aiohappyeyeballs-2.6.1.tar.gz", hash = "sha256:c3f9d0113123803ccadfdf3f0faa505bc78e6a72d1cc4806cbd719826e943558", size = 22760, upload-time = "2025-03-12T01:42:48.764Z" }
wheels = [
    { url = "https://files.pythonhosted.org/packages/0f/15/5bf3b99495fb160b63f95972b81750f18f7f4e02ad051373b669d17d44f2/aiohappyeyeballs-2.6.1-py3-none-any.whl", hash = "sha256:f349ba8f4b75cb25c99c5c2d84e997e485204d2902a9597802b0371f09331fb8", size = 15265, upload-time = "2025-03-12T01:42:47.083Z" },
]

[[package]]
name = "aiohttp"
version = "3.11.18"
source = { registry = "https://pypi.org/simple" }
dependencies = [
    { name = "aiohappyeyeballs" },
    { name = "aiosignal" },
    { name = "attrs" },
    { name = "frozenlist" },
    { name = "multidict" },
    { name = "propcache" },
    { name = "yarl" },
]
sdist = { url = "https://files.pythonhosted.org/packages/63/e7/fa1a8c00e2c54b05dc8cb5d1439f627f7c267874e3f7bb047146116020f9/aiohttp-3.11.18.tar.gz", hash = "sha256:ae856e1138612b7e412db63b7708735cff4d38d0399f6a5435d3dac2669f558a", size = 7678653, upload-time = "2025-04-21T09:43:09.191Z" }
wheels = [
    { url = "https://files.pythonhosted.org/packages/2f/10/fd9ee4f9e042818c3c2390054c08ccd34556a3cb209d83285616434cf93e/aiohttp-3.11.18-cp311-cp311-macosx_10_9_universal2.whl", hash = "sha256:427fdc56ccb6901ff8088544bde47084845ea81591deb16f957897f0f0ba1be9", size = 712088, upload-time = "2025-04-21T09:40:55.776Z" },
    { url = "https://files.pythonhosted.org/packages/22/eb/6a77f055ca56f7aae2cd2a5607a3c9e7b9554f1497a069dcfcb52bfc9540/aiohttp-3.11.18-cp311-cp311-macosx_10_9_x86_64.whl", hash = "sha256:2c828b6d23b984255b85b9b04a5b963a74278b7356a7de84fda5e3b76866597b", size = 471450, upload-time = "2025-04-21T09:40:57.301Z" },
    ...
]

[[package]]
name = "aiomultiprocess"
version = "0.9.1"
source = { registry = "https://pypi.org/simple" }
sdist = { url = "https://files.pythonhosted.org/packages/02/d4/1e69e17dda5df91734b70d03dbbf9f222ddb438e1f3bf4ea8fa135ce46de/aiomultiprocess-0.9.1.tar.gz", hash = "sha256:f0231dbe0291e15325d7896ebeae0002d95a4f2675426ca05eb35f24c60e495b", size = 24514, upload-time = "2024-04-23T08:26:04.223Z" }
wheels = [
    { url = "https://files.pythonhosted.org/packages/ad/14/c48c2f5c96960f5649a72b96a0a31d45384b37d89a63f7ccea76bf4fceba/aiomultiprocess-0.9.1-py3-none-any.whl", hash = "sha256:3a7b3bb3c38dbfb4d9d1194ece5934b6d32cf0280e8edbe64a7d215bba1322c6", size = 17517, upload-time = "2024-04-23T08:26:01.649Z" },
]

[[package]]
name = "aiosignal"
version = "1.3.2"
source = { registry = "https://pypi.org/simple" }
dependencies = [
    { name = "frozenlist" },
]
sdist = { url = "https://files.pythonhosted.org/packages/ba/b5/6d55e80f6d8a08ce22b982eafa278d823b541c925f11ee774b0b9c43473d/aiosignal-1.3.2.tar.gz", hash = "sha256:a8c255c66fafb1e499c9351d0bf32ff2d8a0321595ebac3b93713656d2436f54", size = 19424, upload-time = "2024-12-13T17:10:40.86Z" }
wheels = [
    { url = "https://files.pythonhosted.org/packages/ec/6a/bc7e17a3e87a2985d3e8f4da4cd0f481060eb78fb08596c42be62c90a4d9/aiosignal-1.
